PODS:
  - Alamofire (4.5.0)
  - Kingfisher (3.10.2)
  - Moya (8.0.5):
    - Moya/Core (= 8.0.5)
  - Moya-ObjectMapper/Core (2.3.2):
    - Moya (~> 8.0)
    - ObjectMapper (~> 2.2)
  - Moya-ObjectMapper/RxSwift (2.3.2):
    - Moya-ObjectMapper/Core
    - Moya/RxSwift
    - RxSwift (~> 3.1)
  - Moya/Core (8.0.5):
    - Alamofire (~> 4.1)
    - Result (~> 3.0)
  - Moya/RxSwift (8.0.5):
    - Moya/Core
    - RxSwift (~> 3.0)
  - Nimble (7.0.1)
  - ObjectMapper (2.2.7)
  - OkDataSources (1.0.0):
    - OkDataSources/Core (= 1.0.0)
  - OkDataSources/Core (1.0.0)
  - PKHUD (4.2.3)
  - Quick (1.1.0)
  - Result (3.2.3)
  - RxSwift (3.5.0)
  - Swinject (2.1.0)
  - SwinjectStoryboard (1.1.1):
    - Swinject (~> 2.0)

DEPENDENCIES:
  - Kingfisher
  - Moya-ObjectMapper/RxSwift
  - Moya/RxSwift
  - Nimble
  - ObjectMapper
  - OkDataSources
  - PKHUD (~> 4.0)
  - Quick
  - RxSwift (~> 3.0)
  - Swinject
  - SwinjectStoryboard

SPEC CHECKSUMS:
  Alamofire: f28cdffd29de33a7bfa022cbd63ae95a27fae140
  Kingfisher: 7297492bf8cec9b2e2dee3519f2219948580d98e
  Moya: c37eec09a098ba9991b5a963b291fc5704bdb9ef
  Moya-ObjectMapper: 1b05f10bb69fb6c8750d497d2974c1c63c08c3a9
  Nimble: 657d000e11df8aebe27cdaf9d244de7f30ed87f7
  ObjectMapper: 65abcfd9a61cf7396cbd14a4fb22fddfcc46577e
  OkDataSources: 6cd802edc76b081a3651e408c0b54ccade34daf6
  PKHUD: c7692163a09875cbf15827dc581df3c5cf7f1015
  Quick: dafc587e21eed9f4cab3249b9f9015b0b7a7f71d
  Result: 128640a6347e8d2ae48b142556739a2d13f90ce6
  RxSwift: 18ee9d78b45edb3b0b7e79916b47a116e6dbc842
  Swinject: 85e468ac75c5c2d234076f98c591d57d56bc64bc
  SwinjectStoryboard: 4c71c25f312322844d39ee06f0f523db7b9b10a3

PODFILE CHECKSUM: 2a65b72b70d216bf03e33aa2041f5eb2aaf691c4

COCOAPODS: 1.2.1
